
Microsoft Visual Studio Solution File, Format Version 12.00
# Visual Studio 15
VisualStudioVersion = 15.0.27703.2026
MinimumVisualStudioVersion = 10.0.40219.1
Project("{FAE04EC0-301F-11D3-BF4B-00C04F79EFBC}") = "ElevenNote.WebMVC", "ElevenNote.WebMVC\ElevenNote.WebMVC.csproj", "{91873F6A-500C-44CE-9138-FC0D6FB64473}"
EndProject
Project("{FAE04EC0-301F-11D3-BF4B-00C04F79EFBC}") = "ElevenNote.Data", "ElevenNote.Data\ElevenNote.Data.csproj", "{CCFED322-A0DD-42E6-9651-EA2A92E9152C}"
EndProject
Project("{FAE04EC0-301F-11D3-BF4B-00C04F79EFBC}") = "ElevenNote.Models", "ElevenNote.Models\ElevenNote.Models.csproj", "{538E6479-5232-4054-AF47-8133202A2EC2}"
EndProject
Project("{FAE04EC0-301F-11D3-BF4B-00C04F79EFBC}") = "ElevenNote.Contracts", "ElevenNote.Contracts\ElevenNote.Contracts.csproj", "{A7DC73BF-B918-4907-BA68-2F49AEFA64DD}"
EndProject
Project("{FAE04EC0-301F-11D3-BF4B-00C04F79EFBC}") = "ElevenNote.Services", "ElevenNote.Services\ElevenNote.Services.csproj", "{95FB7142-F9A1-4655-B7E9-C665B71E3B9C}"
EndProject
Project("{FAE04EC0-301F-11D3-BF4B-00C04F79EFBC}") = "ElevenNote.Tests", "ElevenNote.Tests\ElevenNote.Tests.csproj", "{13F7DFEA-1130-41C1-B384-30240AB502FE}"
EndProject
Project("{FAE04EC0-301F-11D3-BF4B-00C04F79EFBC}") = "ElevenNote.WebAPI", "ElevenNote.WebAPI\ElevenNote.WebAPI.csproj", "{7F33B67E-0F80-4598-95AD-766BF0F2CF88}"
EndProject
Global
	GlobalSection(SolutionConfigurationPlatforms) = preSolution
		Debug|Any CPU = Debug|Any CPU
		Release|Any CPU = Release|Any CPU
	EndGlobalSection
	GlobalSection(ProjectConfigurationPlatforms) = postSolution
		{91873F6A-500C-44CE-9138-FC0D6FB64473}.Debug|Any CPU.ActiveCfg = Debug|Any CPU
		{91873F6A-500C-44CE-9138-FC0D6FB64473}.Debug|Any CPU.Build.0 = Debug|Any CPU
		{91873F6A-500C-44CE-9138-FC0D6FB64473}.Release|Any CPU.ActiveCfg = Release|Any CPU
		{91873F6A-500C-44CE-9138-FC0D6FB64473}.Release|Any CPU.Build.0 = Release|Any CPU
		{CCFED322-A0DD-42E6-9651-EA2A92E9152C}.Debug|Any CPU.ActiveCfg = Debug|Any CPU
		{CCFED322-A0DD-42E6-9651-EA2A92E9152C}.Debug|Any CPU.Build.0 = Debug|Any CPU
		{CCFED322-A0DD-42E6-9651-EA2A92E9152C}.Release|Any CPU.ActiveCfg = Release|Any CPU
		{CCFED322-A0DD-42E6-9651-EA2A92E9152C}.Release|Any CPU.Build.0 = Release|Any CPU
		{538E6479-5232-4054-AF47-8133202A2EC2}.Debug|Any CPU.ActiveCfg = Debug|Any CPU
		{538E6479-5232-4054-AF47-8133202A2EC2}.Debug|Any CPU.Build.0 = Debug|Any CPU
		{538E6479-5232-4054-AF47-8133202A2EC2}.Release|Any CPU.ActiveCfg = Release|Any CPU
		{538E6479-5232-4054-AF47-8133202A2EC2}.Release|Any CPU.Build.0 = Release|Any CPU
		{A7DC73BF-B918-4907-BA68-2F49AEFA64DD}.Debug|Any CPU.ActiveCfg = Debug|Any CPU
		{A7DC73BF-B918-4907-BA68-2F49AEFA64DD}.Debug|Any CPU.Build.0 = Debug|Any CPU
		{A7DC73BF-B918-4907-BA68-2F49AEFA64DD}.Release|Any CPU.ActiveCfg = Release|Any CPU
		{A7DC73BF-B918-4907-BA68-2F49AEFA64DD}.Release|Any CPU.Build.0 = Release|Any CPU
		{95FB7142-F9A1-4655-B7E9-C665B71E3B9C}.Debug|Any CPU.ActiveCfg = Debug|Any CPU
		{95FB7142-F9A1-4655-B7E9-C665B71E3B9C}.Debug|Any CPU.Build.0 = Debug|Any CPU
		{95FB7142-F9A1-4655-B7E9-C665B71E3B9C}.Release|Any CPU.ActiveCfg = Release|Any CPU
		{95FB7142-F9A1-4655-B7E9-C665B71E3B9C}.Release|Any CPU.Build.0 = Release|Any CPU
		{13F7DFEA-1130-41C1-B384-30240AB502FE}.Debug|Any CPU.ActiveCfg = Debug|Any CPU
		{13F7DFEA-1130-41C1-B384-30240AB502FE}.Debug|Any CPU.Build.0 = Debug|Any CPU
		{13F7DFEA-1130-41C1-B384-30240AB502FE}.Release|Any CPU.ActiveCfg = Release|Any CPU
		{13F7DFEA-1130-41C1-B384-30240AB502FE}.Release|Any CPU.Build.0 = Release|Any CPU
		{7F33B67E-0F80-4598-95AD-766BF0F2CF88}.Debug|Any CPU.ActiveCfg = Debug|Any CPU
		{7F33B67E-0F80-4598-95AD-766BF0F2CF88}.Debug|Any CPU.Build.0 = Debug|Any CPU
		{7F33B67E-0F80-4598-95AD-766BF0F2CF88}.Release|Any CPU.ActiveCfg = Release|Any CPU
		{7F33B67E-0F80-4598-95AD-766BF0F2CF88}.Release|Any CPU.Build.0 = Release|Any CPU
	EndGlobalSection
	GlobalSection(SolutionProperties) = preSolution
		HideSolutionNode = FALSE
	EndGlobalSection
	GlobalSection(ExtensibilityGlobals) = postSolution
		SolutionGuid = {061C8037-C0CB-4C42-802B-EDF48B0DC514}
	EndGlobalSection
EndGlobal
